
Microsoft Visual Studio Solution File, Format Version 12.00
# Visual Studio Version 17
VisualStudioVersion = 17.1.32328.378
MinimumVisualStudioVersion = 10.0.40219.1
Project("{FAE04EC0-301F-11D3-BF4B-00C04F79EFBC}") = "ThreadingDemoQ3", "ThreadingDemoQ3\ThreadingDemoQ3.csproj", "{7CA8F6FB-DFFB-45FD-BF9A-E9BD81C523EA}"
EndProject
Project("{FAE04EC0-301F-11D3-BF4B-00C04F79EFBC}") = "ThreadingDemoq4", "ThreadingDemoq4\ThreadingDemoq4.csproj", "{53337F92-B585-4FD5-9048-491AEF777E9E}"
EndProject
Global
	GlobalSection(SolutionConfigurationPlatforms) = preSolution
		Debug|Any CPU = Debug|Any CPU
		Release|Any CPU = Release|Any CPU
	EndGlobalSection
	GlobalSection(ProjectConfigurationPlatforms) = postSolution
		{7CA8F6FB-DFFB-45FD-BF9A-E9BD81C523EA}.Debug|Any CPU.ActiveCfg = Debug|Any CPU
		{7CA8F6FB-DFFB-45FD-BF9A-E9BD81C523EA}.Debug|Any CPU.Build.0 = Debug|Any CPU
		{7CA8F6FB-DFFB-45FD-BF9A-E9BD81C523EA}.Release|Any CPU.ActiveCfg = Release|Any CPU
		{7CA8F6FB-DFFB-45FD-BF9A-E9BD81C523EA}.Release|Any CPU.Build.0 = Release|Any CPU
		{53337F92-B585-4FD5-9048-491AEF777E9E}.Debug|Any CPU.ActiveCfg = Debug|Any CPU
		{53337F92-B585-4FD5-9048-491AEF777E9E}.Debug|Any CPU.Build.0 = Debug|Any CPU
		{53337F92-B585-4FD5-9048-491AEF777E9E}.Release|Any CPU.ActiveCfg = Release|Any CPU
		{53337F92-B585-4FD5-9048-491AEF777E9E}.Release|Any CPU.Build.0 = Release|Any CPU
	EndGlobalSection
	GlobalSection(SolutionProperties) = preSolution
		HideSolutionNode = FALSE
	EndGlobalSection
	GlobalSection(ExtensibilityGlobals) = postSolution
		SolutionGuid = {1EEA5731-BA53-4354-AC76-E53502694263}
	EndGlobalSection
EndGlobal
